
Microsoft Visual Studio Solution File, Format Version 12.00
# Visual Studio Version 17
VisualStudioVersion = 17.1.31911.260
MinimumVisualStudioVersion = 10.0.40219.1
Project("{9A19103F-16F7-4668-BE54-9A1E7A4F7556}") = "YiJian.EMR.Domain.Shared", "src\YiJian.EMR.Domain.Shared\YiJian.EMR.Domain.Shared.csproj", "{D64C1577-4929-4B60-939E-96DE1534891A}"
EndProject
Project("{9A19103F-16F7-4668-BE54-9A1E7A4F7556}") = "YiJian.EMR.Domain", "src\YiJian.EMR.Domain\YiJian.EMR.Domain.csproj", "{F2840BC7-0188-4606-9126-DADD0F5ABF7A}"
EndProject
Project("{9A19103F-16F7-4668-BE54-9A1E7A4F7556}") = "YiJian.EMR.Application.Contracts", "src\YiJian.EMR.Application.Contracts\YiJian.EMR.Application.Contracts.csproj", "{BD65D04F-08D5-40C1-8C24-77CA0BACB877}"
EndProject
Project("{9A19103F-16F7-4668-BE54-9A1E7A4F7556}") = "YiJian.EMR.Application", "src\YiJian.EMR.Application\YiJian.EMR.Application.csproj", "{78040F9E-3501-4A40-82DF-00A597710F35}"
EndProject
Project("{2150E333-8FDC-42A3-9474-1A3956D46DE8}") = "src", "src", "{649A3FFA-182F-4E56-9717-E6A9A2BEC545}"
EndProject
Project("{2150E333-8FDC-42A3-9474-1A3956D46DE8}") = "host", "host", "{E400416D-2895-4512-9D17-90681EEC7E0A}"
EndProject
Project("{9A19103F-16F7-4668-BE54-9A1E7A4F7556}") = "YiJian.EMR.EntityFrameworkCore", "src\YiJian.EMR.EntityFrameworkCore\YiJian.EMR.EntityFrameworkCore.csproj", "{0CE86223-D31D-4315-A1F5-87BA3EE1B844}"
EndProject
Project("{9A19103F-16F7-4668-BE54-9A1E7A4F7556}") = "YiJian.EMR.HttpApi", "src\YiJian.EMR.HttpApi\YiJian.EMR.HttpApi.csproj", "{077AA5F8-8B61-420C-A6B5-0150A66FDB34}"
EndProject
Project("{9A19103F-16F7-4668-BE54-9A1E7A4F7556}") = "YiJian.EMR.HttpApi.Client", "src\YiJian.EMR.HttpApi.Client\YiJian.EMR.HttpApi.Client.csproj", "{36E2735F-CEAB-44C8-A6D1-2CDAFF399751}"
EndProject
Project("{2150E333-8FDC-42A3-9474-1A3956D46DE8}") = "api", "api", "{ADEEEA19-C368-4759-994C-A2BC2FA49492}"
EndProject
Project("{2150E333-8FDC-42A3-9474-1A3956D46DE8}") = "core", "core", "{53786A26-EBD2-46FE-8B9C-D45FC7172504}"
EndProject
Project("{2150E333-8FDC-42A3-9474-1A3956D46DE8}") = "shared", "shared", "{079F5A74-497D-42EB-9619-3A7F3F963F19}"
EndProject
Project("{9A19103F-16F7-4668-BE54-9A1E7A4F7556}") = "YiJian.ECIS.Core", "..\..\shared\YiJian.ECIS.Core\YiJian.ECIS.Core.csproj", "{1AB394E7-FFC3-46D6-BD56-6DD233031767}"
EndProject
Project("{9A19103F-16F7-4668-BE54-9A1E7A4F7556}") = "YiJian.ECIS.ShareModel", "..\..\shared\YiJian.ECIS.ShareModel\YiJian.ECIS.ShareModel.csproj", "{B2519462-A071-45E2-A5E9-1080E7AF54C0}"
EndProject
Project("{9A19103F-16F7-4668-BE54-9A1E7A4F7556}") = "YiJian.EMR.DCWriter", "host\YiJian.EMR.DCWriter\YiJian.EMR.DCWriter.csproj", "{100F2ABE-D291-4440-8EDB-0C1DF0897D3D}"
EndProject
Project("{2150E333-8FDC-42A3-9474-1A3956D46DE8}") = "migrations", "migrations", "{A7767651-0156-4E4F-868E-ED28A533D537}"
EndProject
Project("{9A19103F-16F7-4668-BE54-9A1E7A4F7556}") = "YiJian.EMR.HttpApi.Host", "host\YiJian.EMR.HttpApi.Host\YiJian.EMR.HttpApi.Host.csproj", "{802C82B0-042E-4CF6-A354-DAD93A70EB11}"
EndProject
Project("{9A19103F-16F7-4668-BE54-9A1E7A4F7556}") = "YiJian.EMR.Migrations.Release", "migrations\YiJian.EMR.Migrations.Release\YiJian.EMR.Migrations.Release.csproj", "{9A9AC593-8CE7-45DF-832B-20FA21C99A46}"
EndProject
Project("{9A19103F-16F7-4668-BE54-9A1E7A4F7556}") = "YiJian.EMR.PDFView", "host\YiJian.EMR.PDFView\YiJian.EMR.PDFView.csproj", "{18AB3C21-8203-45B2-8E51-04C2B609787B}"
EndProject
Project("{9A19103F-16F7-4668-BE54-9A1E7A4F7556}") = "YiJian.ECIS.Authorization", "..\..\shared\YiJian.ECIS.Authorization\YiJian.ECIS.Authorization.csproj", "{DACD97AF-E0A8-4E31-915B-09730AF5D35D}"
EndProject
Global
	GlobalSection(SolutionConfigurationPlatforms) = preSolution
		Debug|Any CPU = Debug|Any CPU
		Release|Any CPU = Release|Any CPU
	EndGlobalSection
	GlobalSection(ProjectConfigurationPlatforms) = postSolution
		{D64C1577-4929-4B60-939E-96DE1534891A}.Debug|Any CPU.ActiveCfg = Debug|Any CPU
		{D64C1577-4929-4B60-939E-96DE1534891A}.Debug|Any CPU.Build.0 = Debug|Any CPU
		{D64C1577-4929-4B60-939E-96DE1534891A}.Release|Any CPU.ActiveCfg = Release|Any CPU
		{D64C1577-4929-4B60-939E-96DE1534891A}.Release|Any CPU.Build.0 = Release|Any CPU
		{F2840BC7-0188-4606-9126-DADD0F5ABF7A}.Debug|Any CPU.ActiveCfg = Debug|Any CPU
		{F2840BC7-0188-4606-9126-DADD0F5ABF7A}.Debug|Any CPU.Build.0 = Debug|Any CPU
		{F2840BC7-0188-4606-9126-DADD0F5ABF7A}.Release|Any CPU.ActiveCfg = Release|Any CPU
		{F2840BC7-0188-4606-9126-DADD0F5ABF7A}.Release|Any CPU.Build.0 = Release|Any CPU
		{BD65D04F-08D5-40C1-8C24-77CA0BACB877}.Debug|Any CPU.ActiveCfg = Debug|Any CPU
		{BD65D04F-08D5-40C1-8C24-77CA0BACB877}.Debug|Any CPU.Build.0 = Debug|Any CPU
		{BD65D04F-08D5-40C1-8C24-77CA0BACB877}.Release|Any CPU.ActiveCfg = Release|Any CPU
		{BD65D04F-08D5-40C1-8C24-77CA0BACB877}.Release|Any CPU.Build.0 = Release|Any CPU
		{78040F9E-3501-4A40-82DF-00A597710F35}.Debug|Any CPU.ActiveCfg = Debug|Any CPU
		{78040F9E-3501-4A40-82DF-00A597710F35}.Debug|Any CPU.Build.0 = Debug|Any CPU
		{78040F9E-3501-4A40-82DF-00A597710F35}.Release|Any CPU.ActiveCfg = Release|Any CPU
		{78040F9E-3501-4A40-82DF-00A597710F35}.Release|Any CPU.Build.0 = Release|Any CPU
		{0CE86223-D31D-4315-A1F5-87BA3EE1B844}.Debug|Any CPU.ActiveCfg = Debug|Any CPU
		{0CE86223-D31D-4315-A1F5-87BA3EE1B844}.Debug|Any CPU.Build.0 = Debug|Any CPU
		{0CE86223-D31D-4315-A1F5-87BA3EE1B844}.Release|Any CPU.ActiveCfg = Release|Any CPU
		{0CE86223-D31D-4315-A1F5-87BA3EE1B844}.Release|Any CPU.Build.0 = Release|Any CPU
		{077AA5F8-8B61-420C-A6B5-0150A66FDB34}.Debug|Any CPU.ActiveCfg = Debug|Any CPU
		{077AA5F8-8B61-420C-A6B5-0150A66FDB34}.Debug|Any CPU.Build.0 = Debug|Any CPU
		{077AA5F8-8B61-420C-A6B5-0150A66FDB34}.Release|Any CPU.ActiveCfg = Release|Any CPU
		{077AA5F8-8B61-420C-A6B5-0150A66FDB34}.Release|Any CPU.Build.0 = Release|Any CPU
		{36E2735F-CEAB-44C8-A6D1-2CDAFF399751}.Debug|Any CPU.ActiveCfg = Debug|Any CPU
		{36E2735F-CEAB-44C8-A6D1-2CDAFF399751}.Debug|Any CPU.Build.0 = Debug|Any CPU
		{36E2735F-CEAB-44C8-A6D1-2CDAFF399751}.Release|Any CPU.ActiveCfg = Release|Any CPU
		{36E2735F-CEAB-44C8-A6D1-2CDAFF399751}.Release|Any CPU.Build.0 = Release|Any CPU
		{1AB394E7-FFC3-46D6-BD56-6DD233031767}.Debug|Any CPU.ActiveCfg = Debug|Any CPU
		{1AB394E7-FFC3-46D6-BD56-6DD233031767}.Debug|Any CPU.Build.0 = Debug|Any CPU
		{1AB394E7-FFC3-46D6-BD56-6DD233031767}.Release|Any CPU.ActiveCfg = Release|Any CPU
		{1AB394E7-FFC3-46D6-BD56-6DD233031767}.Release|Any CPU.Build.0 = Release|Any CPU
		{B2519462-A071-45E2-A5E9-1080E7AF54C0}.Debug|Any CPU.ActiveCfg = Debug|Any CPU
		{B2519462-A071-45E2-A5E9-1080E7AF54C0}.Debug|Any CPU.Build.0 = Debug|Any CPU
		{B2519462-A071-45E2-A5E9-1080E7AF54C0}.Release|Any CPU.ActiveCfg = Release|Any CPU
		{B2519462-A071-45E2-A5E9-1080E7AF54C0}.Release|Any CPU.Build.0 = Release|Any CPU
		{100F2ABE-D291-4440-8EDB-0C1DF0897D3D}.Debug|Any CPU.ActiveCfg = Debug|Any CPU
		{100F2ABE-D291-4440-8EDB-0C1DF0897D3D}.Debug|Any CPU.Build.0 = Debug|Any CPU
		{100F2ABE-D291-4440-8EDB-0C1DF0897D3D}.Release|Any CPU.ActiveCfg = Release|Any CPU
		{100F2ABE-D291-4440-8EDB-0C1DF0897D3D}.Release|Any CPU.Build.0 = Release|Any CPU
		{802C82B0-042E-4CF6-A354-DAD93A70EB11}.Debug|Any CPU.ActiveCfg = Debug|Any CPU
		{802C82B0-042E-4CF6-A354-DAD93A70EB11}.Debug|Any CPU.Build.0 = Debug|Any CPU
		{802C82B0-042E-4CF6-A354-DAD93A70EB11}.Release|Any CPU.ActiveCfg = Release|Any CPU
		{802C82B0-042E-4CF6-A354-DAD93A70EB11}.Release|Any CPU.Build.0 = Release|Any CPU
		{9A9AC593-8CE7-45DF-832B-20FA21C99A46}.Debug|Any CPU.ActiveCfg = Debug|Any CPU
		{9A9AC593-8CE7-45DF-832B-20FA21C99A46}.Debug|Any CPU.Build.0 = Debug|Any CPU
		{9A9AC593-8CE7-45DF-832B-20FA21C99A46}.Release|Any CPU.ActiveCfg = Release|Any CPU
		{9A9AC593-8CE7-45DF-832B-20FA21C99A46}.Release|Any CPU.Build.0 = Release|Any CPU
		{18AB3C21-8203-45B2-8E51-04C2B609787B}.Debug|Any CPU.ActiveCfg = Debug|Any CPU
		{18AB3C21-8203-45B2-8E51-04C2B609787B}.Debug|Any CPU.Build.0 = Debug|Any CPU
		{18AB3C21-8203-45B2-8E51-04C2B609787B}.Release|Any CPU.ActiveCfg = Release|Any CPU
		{18AB3C21-8203-45B2-8E51-04C2B609787B}.Release|Any CPU.Build.0 = Release|Any CPU
		{DACD97AF-E0A8-4E31-915B-09730AF5D35D}.Debug|Any CPU.ActiveCfg = Debug|Any CPU
		{DACD97AF-E0A8-4E31-915B-09730AF5D35D}.Debug|Any CPU.Build.0 = Debug|Any CPU
		{DACD97AF-E0A8-4E31-915B-09730AF5D35D}.Release|Any CPU.ActiveCfg = Release|Any CPU
		{DACD97AF-E0A8-4E31-915B-09730AF5D35D}.Release|Any CPU.Build.0 = Release|Any CPU
	EndGlobalSection
	GlobalSection(SolutionProperties) = preSolution
		HideSolutionNode = FALSE
	EndGlobalSection
	GlobalSection(NestedProjects) = preSolution
		{D64C1577-4929-4B60-939E-96DE1534891A} = {53786A26-EBD2-46FE-8B9C-D45FC7172504}
		{F2840BC7-0188-4606-9126-DADD0F5ABF7A} = {53786A26-EBD2-46FE-8B9C-D45FC7172504}
		{BD65D04F-08D5-40C1-8C24-77CA0BACB877} = {53786A26-EBD2-46FE-8B9C-D45FC7172504}
		{78040F9E-3501-4A40-82DF-00A597710F35} = {53786A26-EBD2-46FE-8B9C-D45FC7172504}
		{0CE86223-D31D-4315-A1F5-87BA3EE1B844} = {53786A26-EBD2-46FE-8B9C-D45FC7172504}
		{077AA5F8-8B61-420C-A6B5-0150A66FDB34} = {ADEEEA19-C368-4759-994C-A2BC2FA49492}
		{36E2735F-CEAB-44C8-A6D1-2CDAFF399751} = {ADEEEA19-C368-4759-994C-A2BC2FA49492}
		{ADEEEA19-C368-4759-994C-A2BC2FA49492} = {649A3FFA-182F-4E56-9717-E6A9A2BEC545}
		{53786A26-EBD2-46FE-8B9C-D45FC7172504} = {649A3FFA-182F-4E56-9717-E6A9A2BEC545}
		{1AB394E7-FFC3-46D6-BD56-6DD233031767} = {079F5A74-497D-42EB-9619-3A7F3F963F19}
		{B2519462-A071-45E2-A5E9-1080E7AF54C0} = {079F5A74-497D-42EB-9619-3A7F3F963F19}
		{100F2ABE-D291-4440-8EDB-0C1DF0897D3D} = {E400416D-2895-4512-9D17-90681EEC7E0A}
		{802C82B0-042E-4CF6-A354-DAD93A70EB11} = {E400416D-2895-4512-9D17-90681EEC7E0A}
		{9A9AC593-8CE7-45DF-832B-20FA21C99A46} = {A7767651-0156-4E4F-868E-ED28A533D537}
		{18AB3C21-8203-45B2-8E51-04C2B609787B} = {E400416D-2895-4512-9D17-90681EEC7E0A}
		{DACD97AF-E0A8-4E31-915B-09730AF5D35D} = {079F5A74-497D-42EB-9619-3A7F3F963F19}
	EndGlobalSection
	GlobalSection(ExtensibilityGlobals) = postSolution
		SolutionGuid = {4324B3B4-B60B-4E3C-91D8-59576B4E26DD}
	EndGlobalSection
EndGlobal
