
Microsoft Visual Studio Solution File, Format Version 12.00
# Visual Studio Version 17
VisualStudioVersion = 17.3.32825.248
MinimumVisualStudioVersion = 10.0.40219.1
Project("{9A19103F-16F7-4668-BE54-9A1E7A4F7556}") = "TriageService", "TriageService.csproj", "{70132F8D-1987-4732-AEE5-1094E404DE0A}"
EndProject
Global
	GlobalSection(SolutionConfigurationPlatforms) = preSolution
		Debug|Any CPU = Debug|Any CPU
		Debug|x86 = Debug|x86
		Release|Any CPU = Release|Any CPU
		Release|x86 = Release|x86
	EndGlobalSection
	GlobalSection(ProjectConfigurationPlatforms) = postSolution
		{70132F8D-1987-4732-AEE5-1094E404DE0A}.Debug|Any CPU.ActiveCfg = Debug|Any CPU
		{70132F8D-1987-4732-AEE5-1094E404DE0A}.Debug|Any CPU.Build.0 = Debug|Any CPU
		{70132F8D-1987-4732-AEE5-1094E404DE0A}.Debug|x86.ActiveCfg = Debug|x86
		{70132F8D-1987-4732-AEE5-1094E404DE0A}.Debug|x86.Build.0 = Debug|x86
		{70132F8D-1987-4732-AEE5-1094E404DE0A}.Release|Any CPU.ActiveCfg = Release|Any CPU
		{70132F8D-1987-4732-AEE5-1094E404DE0A}.Release|Any CPU.Build.0 = Release|Any CPU
		{70132F8D-1987-4732-AEE5-1094E404DE0A}.Release|x86.ActiveCfg = Release|x86
		{70132F8D-1987-4732-AEE5-1094E404DE0A}.Release|x86.Build.0 = Release|x86
	EndGlobalSection
	GlobalSection(SolutionProperties) = preSolution
		HideSolutionNode = FALSE
	EndGlobalSection
	GlobalSection(ExtensibilityGlobals) = postSolution
		SolutionGuid = {67FBCBCB-DB56-4D85-AA19-6CA4F4F703D9}
	EndGlobalSection
EndGlobal
