
Microsoft Visual Studio Solution File, Format Version 12.00
# Visual Studio Version 17
VisualStudioVersion = 17.5.33424.131
MinimumVisualStudioVersion = 10.0.40219.1
Project("{9A19103F-16F7-4668-BE54-9A1E7A4F7556}") = "YiJian.ECIS.Call.Domain.Shared", "src\YiJian.ECIS.Call.Domain.Shared\YiJian.ECIS.Call.Domain.Shared.csproj", "{D64C1577-4929-4B60-939E-96DE1534891A}"
EndProject
Project("{9A19103F-16F7-4668-BE54-9A1E7A4F7556}") = "YiJian.ECIS.Call.Domain", "src\YiJian.ECIS.Call.Domain\YiJian.ECIS.Call.Domain.csproj", "{F2840BC7-0188-4606-9126-DADD0F5ABF7A}"
EndProject
Project("{9A19103F-16F7-4668-BE54-9A1E7A4F7556}") = "YiJian.ECIS.Call.Application.Contracts", "src\YiJian.ECIS.Call.Application.Contracts\YiJian.ECIS.Call.Application.Contracts.csproj", "{BD65D04F-08D5-40C1-8C24-77CA0BACB877}"
EndProject
Project("{9A19103F-16F7-4668-BE54-9A1E7A4F7556}") = "YiJian.ECIS.Call.Application", "src\YiJian.ECIS.Call.Application\YiJian.ECIS.Call.Application.csproj", "{78040F9E-3501-4A40-82DF-00A597710F35}"
EndProject
Project("{2150E333-8FDC-42A3-9474-1A3956D46DE8}") = "src", "src", "{649A3FFA-182F-4E56-9717-E6A9A2BEC545}"
EndProject
Project("{2150E333-8FDC-42A3-9474-1A3956D46DE8}") = "host", "host", "{E400416D-2895-4512-9D17-90681EEC7E0A}"
EndProject
Project("{9A19103F-16F7-4668-BE54-9A1E7A4F7556}") = "YiJian.ECIS.Call.EntityFrameworkCore", "src\YiJian.ECIS.Call.EntityFrameworkCore\YiJian.ECIS.Call.EntityFrameworkCore.csproj", "{0CE86223-D31D-4315-A1F5-87BA3EE1B844}"
EndProject
Project("{9A19103F-16F7-4668-BE54-9A1E7A4F7556}") = "YiJian.ECIS.Call.HttpApi", "src\YiJian.ECIS.Call.HttpApi\YiJian.ECIS.Call.HttpApi.csproj", "{077AA5F8-8B61-420C-A6B5-0150A66FDB34}"
EndProject
Project("{9A19103F-16F7-4668-BE54-9A1E7A4F7556}") = "YiJian.ECIS.Call.HttpApi.Client", "src\YiJian.ECIS.Call.HttpApi.Client\YiJian.ECIS.Call.HttpApi.Client.csproj", "{36E2735F-CEAB-44C8-A6D1-2CDAFF399751}"
EndProject
Project("{9A19103F-16F7-4668-BE54-9A1E7A4F7556}") = "YiJian.ECIS.Call.HttpApi.Host", "host\YiJian.ECIS.Call.HttpApi.Host\YiJian.ECIS.Call.HttpApi.Host.csproj", "{37B135B0-DAFE-4616-B25C-1BDF32FC44A2}"
EndProject
Project("{2150E333-8FDC-42A3-9474-1A3956D46DE8}") = "shared", "shared", "{0A72711C-2C3B-4A8F-B46A-311EAACE3F6F}"
EndProject
Project("{9A19103F-16F7-4668-BE54-9A1E7A4F7556}") = "YiJian.ECIS.Core", "..\..\shared\YiJian.ECIS.Core\YiJian.ECIS.Core.csproj", "{A87B00AB-D572-4089-9F2A-0A4FD4339B95}"
EndProject
Project("{9A19103F-16F7-4668-BE54-9A1E7A4F7556}") = "YiJian.ECIS.ShareModel", "..\..\shared\YiJian.ECIS.ShareModel\YiJian.ECIS.ShareModel.csproj", "{DDB48E27-BF1C-455D-B5CC-CBFC53BD85A9}"
EndProject
Project("{2150E333-8FDC-42A3-9474-1A3956D46DE8}") = "api", "api", "{A5012097-7086-4CB8-9993-6DCE67DEC6F3}"
EndProject
Project("{2150E333-8FDC-42A3-9474-1A3956D46DE8}") = "core", "core", "{0AD4B7A1-47F0-4602-9431-CA8E9CC34258}"
EndProject
Project("{2150E333-8FDC-42A3-9474-1A3956D46DE8}") = "migrations", "migrations", "{195E78A8-C499-45BA-9D7D-2E73290BF81F}"
EndProject
Project("{9A19103F-16F7-4668-BE54-9A1E7A4F7556}") = "YiJian.Call.Migrations.Release", "migrations\YiJian.Call.Migrations.Release\YiJian.Call.Migrations.Release.csproj", "{EBC75D21-C0AE-44F7-8B14-EDEE18DB1544}"
EndProject
Project("{9A19103F-16F7-4668-BE54-9A1E7A4F7556}") = "YiJian.ECIS.DDP", "..\..\shared\YiJian.ECIS.DDP\YiJian.ECIS.DDP.csproj", "{94A85448-9F5F-4111-874D-BE7A9CF5134A}"
EndProject
Project("{9A19103F-16F7-4668-BE54-9A1E7A4F7556}") = "YiJian.ECIS.Authorization", "..\..\shared\YiJian.ECIS.Authorization\YiJian.ECIS.Authorization.csproj", "{888164AA-CB11-4BC3-B5E2-DADD09CCA62E}"
EndProject
Global
	GlobalSection(SolutionConfigurationPlatforms) = preSolution
		Debug|Any CPU = Debug|Any CPU
		Release|Any CPU = Release|Any CPU
	EndGlobalSection
	GlobalSection(ProjectConfigurationPlatforms) = postSolution
		{D64C1577-4929-4B60-939E-96DE1534891A}.Debug|Any CPU.ActiveCfg = Debug|Any CPU
		{D64C1577-4929-4B60-939E-96DE1534891A}.Debug|Any CPU.Build.0 = Debug|Any CPU
		{D64C1577-4929-4B60-939E-96DE1534891A}.Release|Any CPU.ActiveCfg = Release|Any CPU
		{D64C1577-4929-4B60-939E-96DE1534891A}.Release|Any CPU.Build.0 = Release|Any CPU
		{F2840BC7-0188-4606-9126-DADD0F5ABF7A}.Debug|Any CPU.ActiveCfg = Debug|Any CPU
		{F2840BC7-0188-4606-9126-DADD0F5ABF7A}.Debug|Any CPU.Build.0 = Debug|Any CPU
		{F2840BC7-0188-4606-9126-DADD0F5ABF7A}.Release|Any CPU.ActiveCfg = Release|Any CPU
		{F2840BC7-0188-4606-9126-DADD0F5ABF7A}.Release|Any CPU.Build.0 = Release|Any CPU
		{BD65D04F-08D5-40C1-8C24-77CA0BACB877}.Debug|Any CPU.ActiveCfg = Debug|Any CPU
		{BD65D04F-08D5-40C1-8C24-77CA0BACB877}.Debug|Any CPU.Build.0 = Debug|Any CPU
		{BD65D04F-08D5-40C1-8C24-77CA0BACB877}.Release|Any CPU.ActiveCfg = Release|Any CPU
		{BD65D04F-08D5-40C1-8C24-77CA0BACB877}.Release|Any CPU.Build.0 = Release|Any CPU
		{78040F9E-3501-4A40-82DF-00A597710F35}.Debug|Any CPU.ActiveCfg = Debug|Any CPU
		{78040F9E-3501-4A40-82DF-00A597710F35}.Debug|Any CPU.Build.0 = Debug|Any CPU
		{78040F9E-3501-4A40-82DF-00A597710F35}.Release|Any CPU.ActiveCfg = Release|Any CPU
		{78040F9E-3501-4A40-82DF-00A597710F35}.Release|Any CPU.Build.0 = Release|Any CPU
		{0CE86223-D31D-4315-A1F5-87BA3EE1B844}.Debug|Any CPU.ActiveCfg = Debug|Any CPU
		{0CE86223-D31D-4315-A1F5-87BA3EE1B844}.Debug|Any CPU.Build.0 = Debug|Any CPU
		{0CE86223-D31D-4315-A1F5-87BA3EE1B844}.Release|Any CPU.ActiveCfg = Release|Any CPU
		{0CE86223-D31D-4315-A1F5-87BA3EE1B844}.Release|Any CPU.Build.0 = Release|Any CPU
		{077AA5F8-8B61-420C-A6B5-0150A66FDB34}.Debug|Any CPU.ActiveCfg = Debug|Any CPU
		{077AA5F8-8B61-420C-A6B5-0150A66FDB34}.Debug|Any CPU.Build.0 = Debug|Any CPU
		{077AA5F8-8B61-420C-A6B5-0150A66FDB34}.Release|Any CPU.ActiveCfg = Release|Any CPU
		{077AA5F8-8B61-420C-A6B5-0150A66FDB34}.Release|Any CPU.Build.0 = Release|Any CPU
		{36E2735F-CEAB-44C8-A6D1-2CDAFF399751}.Debug|Any CPU.ActiveCfg = Debug|Any CPU
		{36E2735F-CEAB-44C8-A6D1-2CDAFF399751}.Debug|Any CPU.Build.0 = Debug|Any CPU
		{36E2735F-CEAB-44C8-A6D1-2CDAFF399751}.Release|Any CPU.ActiveCfg = Release|Any CPU
		{36E2735F-CEAB-44C8-A6D1-2CDAFF399751}.Release|Any CPU.Build.0 = Release|Any CPU
		{37B135B0-DAFE-4616-B25C-1BDF32FC44A2}.Debug|Any CPU.ActiveCfg = Debug|Any CPU
		{37B135B0-DAFE-4616-B25C-1BDF32FC44A2}.Debug|Any CPU.Build.0 = Debug|Any CPU
		{37B135B0-DAFE-4616-B25C-1BDF32FC44A2}.Release|Any CPU.ActiveCfg = Release|Any CPU
		{37B135B0-DAFE-4616-B25C-1BDF32FC44A2}.Release|Any CPU.Build.0 = Release|Any CPU
		{A87B00AB-D572-4089-9F2A-0A4FD4339B95}.Debug|Any CPU.ActiveCfg = Debug|Any CPU
		{A87B00AB-D572-4089-9F2A-0A4FD4339B95}.Debug|Any CPU.Build.0 = Debug|Any CPU
		{A87B00AB-D572-4089-9F2A-0A4FD4339B95}.Release|Any CPU.ActiveCfg = Release|Any CPU
		{A87B00AB-D572-4089-9F2A-0A4FD4339B95}.Release|Any CPU.Build.0 = Release|Any CPU
		{DDB48E27-BF1C-455D-B5CC-CBFC53BD85A9}.Debug|Any CPU.ActiveCfg = Debug|Any CPU
		{DDB48E27-BF1C-455D-B5CC-CBFC53BD85A9}.Debug|Any CPU.Build.0 = Debug|Any CPU
		{DDB48E27-BF1C-455D-B5CC-CBFC53BD85A9}.Release|Any CPU.ActiveCfg = Release|Any CPU
		{DDB48E27-BF1C-455D-B5CC-CBFC53BD85A9}.Release|Any CPU.Build.0 = Release|Any CPU
		{EBC75D21-C0AE-44F7-8B14-EDEE18DB1544}.Debug|Any CPU.ActiveCfg = Debug|Any CPU
		{EBC75D21-C0AE-44F7-8B14-EDEE18DB1544}.Debug|Any CPU.Build.0 = Debug|Any CPU
		{EBC75D21-C0AE-44F7-8B14-EDEE18DB1544}.Release|Any CPU.ActiveCfg = Release|Any CPU
		{EBC75D21-C0AE-44F7-8B14-EDEE18DB1544}.Release|Any CPU.Build.0 = Release|Any CPU
		{94A85448-9F5F-4111-874D-BE7A9CF5134A}.Debug|Any CPU.ActiveCfg = Debug|Any CPU
		{94A85448-9F5F-4111-874D-BE7A9CF5134A}.Debug|Any CPU.Build.0 = Debug|Any CPU
		{94A85448-9F5F-4111-874D-BE7A9CF5134A}.Release|Any CPU.ActiveCfg = Release|Any CPU
		{94A85448-9F5F-4111-874D-BE7A9CF5134A}.Release|Any CPU.Build.0 = Release|Any CPU
		{888164AA-CB11-4BC3-B5E2-DADD09CCA62E}.Debug|Any CPU.ActiveCfg = Debug|Any CPU
		{888164AA-CB11-4BC3-B5E2-DADD09CCA62E}.Debug|Any CPU.Build.0 = Debug|Any CPU
		{888164AA-CB11-4BC3-B5E2-DADD09CCA62E}.Release|Any CPU.ActiveCfg = Release|Any CPU
		{888164AA-CB11-4BC3-B5E2-DADD09CCA62E}.Release|Any CPU.Build.0 = Release|Any CPU
	EndGlobalSection
	GlobalSection(SolutionProperties) = preSolution
		HideSolutionNode = FALSE
	EndGlobalSection
	GlobalSection(NestedProjects) = preSolution
		{D64C1577-4929-4B60-939E-96DE1534891A} = {0AD4B7A1-47F0-4602-9431-CA8E9CC34258}
		{F2840BC7-0188-4606-9126-DADD0F5ABF7A} = {0AD4B7A1-47F0-4602-9431-CA8E9CC34258}
		{BD65D04F-08D5-40C1-8C24-77CA0BACB877} = {0AD4B7A1-47F0-4602-9431-CA8E9CC34258}
		{78040F9E-3501-4A40-82DF-00A597710F35} = {0AD4B7A1-47F0-4602-9431-CA8E9CC34258}
		{0CE86223-D31D-4315-A1F5-87BA3EE1B844} = {0AD4B7A1-47F0-4602-9431-CA8E9CC34258}
		{077AA5F8-8B61-420C-A6B5-0150A66FDB34} = {A5012097-7086-4CB8-9993-6DCE67DEC6F3}
		{36E2735F-CEAB-44C8-A6D1-2CDAFF399751} = {A5012097-7086-4CB8-9993-6DCE67DEC6F3}
		{37B135B0-DAFE-4616-B25C-1BDF32FC44A2} = {E400416D-2895-4512-9D17-90681EEC7E0A}
		{A87B00AB-D572-4089-9F2A-0A4FD4339B95} = {0A72711C-2C3B-4A8F-B46A-311EAACE3F6F}
		{DDB48E27-BF1C-455D-B5CC-CBFC53BD85A9} = {0A72711C-2C3B-4A8F-B46A-311EAACE3F6F}
		{A5012097-7086-4CB8-9993-6DCE67DEC6F3} = {649A3FFA-182F-4E56-9717-E6A9A2BEC545}
		{0AD4B7A1-47F0-4602-9431-CA8E9CC34258} = {649A3FFA-182F-4E56-9717-E6A9A2BEC545}
		{EBC75D21-C0AE-44F7-8B14-EDEE18DB1544} = {195E78A8-C499-45BA-9D7D-2E73290BF81F}
		{94A85448-9F5F-4111-874D-BE7A9CF5134A} = {0A72711C-2C3B-4A8F-B46A-311EAACE3F6F}
		{888164AA-CB11-4BC3-B5E2-DADD09CCA62E} = {0A72711C-2C3B-4A8F-B46A-311EAACE3F6F}
	EndGlobalSection
	GlobalSection(ExtensibilityGlobals) = postSolution
		SolutionGuid = {4324B3B4-B60B-4E3C-91D8-59576B4E26DD}
	EndGlobalSection
EndGlobal
