
Microsoft Visual Studio Solution File, Format Version 12.00
# Visual Studio Version 17
VisualStudioVersion = 17.3.32811.315
MinimumVisualStudioVersion = 10.0.40219.1
Project("{FAE04EC0-301F-11D3-BF4B-00C04F79EFBC}") = "YiJian.Job", "YiJian.Job\YiJian.Job.csproj", "{2EDACD6E-5637-4685-8387-79D018F75BD0}"
EndProject
Global
	GlobalSection(SolutionConfigurationPlatforms) = preSolution
		Debug|Any CPU = Debug|Any CPU
		Release|Any CPU = Release|Any CPU
	EndGlobalSection
	GlobalSection(ProjectConfigurationPlatforms) = postSolution
		{2EDACD6E-5637-4685-8387-79D018F75BD0}.Debug|Any CPU.ActiveCfg = Debug|Any CPU
		{2EDACD6E-5637-4685-8387-79D018F75BD0}.Debug|Any CPU.Build.0 = Debug|Any CPU
		{2EDACD6E-5637-4685-8387-79D018F75BD0}.Release|Any CPU.ActiveCfg = Release|Any CPU
		{2EDACD6E-5637-4685-8387-79D018F75BD0}.Release|Any CPU.Build.0 = Release|Any CPU
	EndGlobalSection
	GlobalSection(SolutionProperties) = preSolution
		HideSolutionNode = FALSE
	EndGlobalSection
	GlobalSection(ExtensibilityGlobals) = postSolution
		SolutionGuid = {AA3D454B-4D76-45AD-9819-A02460B7FAE7}
	EndGlobalSection
EndGlobal
