
Microsoft Visual Studio Solution File, Format Version 12.00
# Visual Studio Version 17
VisualStudioVersion = 17.4.33213.308
MinimumVisualStudioVersion = 10.0.40219.1
Project("{2150E333-8FDC-42A3-9474-1A3956D46DE8}") = "src", "src", "{649A3FFA-182F-4E56-9717-E6A9A2BEC545}"
EndProject
Project("{2150E333-8FDC-42A3-9474-1A3956D46DE8}") = "host", "host", "{E400416D-2895-4512-9D17-90681EEC7E0A}"
EndProject
Project("{2150E333-8FDC-42A3-9474-1A3956D46DE8}") = "api", "api", "{ADEEEA19-C368-4759-994C-A2BC2FA49492}"
EndProject
Project("{2150E333-8FDC-42A3-9474-1A3956D46DE8}") = "core", "core", "{53786A26-EBD2-46FE-8B9C-D45FC7172504}"
EndProject
Project("{2150E333-8FDC-42A3-9474-1A3956D46DE8}") = "shared", "shared", "{079F5A74-497D-42EB-9619-3A7F3F963F19}"
EndProject
Project("{D954291E-2A0B-460D-934E-DC6B0785DB48}") = "YiJian.ECIS.Protos", "..\..\shared\YiJian.ECIS.Protos\YiJian.ECIS.Protos.shproj", "{0D8D9329-5163-4E14-976C-6BC3345B8F16}"
EndProject
Project("{2150E333-8FDC-42A3-9474-1A3956D46DE8}") = "migrations", "migrations", "{ADF9F6D0-E347-4381-95C6-1C2801B59B49}"
EndProject
Project("{9A19103F-16F7-4668-BE54-9A1E7A4F7556}") = "YiJian.ECIS.ShareModel", "..\..\shared\YiJian.ECIS.ShareModel\YiJian.ECIS.ShareModel.csproj", "{42F01DD7-E484-491C-A074-F5904992593F}"
EndProject
Project("{9A19103F-16F7-4668-BE54-9A1E7A4F7556}") = "YiJian.ECIS.Core", "..\..\shared\YiJian.ECIS.Core\YiJian.ECIS.Core.csproj", "{6BA3204F-66AC-44EB-B577-5D18EAC8B521}"
EndProject
Project("{9A19103F-16F7-4668-BE54-9A1E7A4F7556}") = "YiJian.ECIS.DDP", "..\..\shared\YiJian.ECIS.DDP\YiJian.ECIS.DDP.csproj", "{1CC7612E-5EA4-4B71-9238-8D91EA5EFCE8}"
EndProject
Project("{9A19103F-16F7-4668-BE54-9A1E7A4F7556}") = "YiJian.Recipe.Domain", "src\YiJian.Recipe.Domain\YiJian.Recipe.Domain.csproj", "{B3456053-F7F4-40D2-ADC9-890970AADACA}"
EndProject
Project("{9A19103F-16F7-4668-BE54-9A1E7A4F7556}") = "YiJian.Recipe.Application.Contracts", "src\YiJian.Recipe.Application.Contracts\YiJian.Recipe.Application.Contracts.csproj", "{F61664E6-D8D8-4D2D-A7F9-57AD3FF9211A}"
EndProject
Project("{9A19103F-16F7-4668-BE54-9A1E7A4F7556}") = "YiJian.Recipe.Domain.Shared", "src\YiJian.Recipe.Domain.Shared\YiJian.Recipe.Domain.Shared.csproj", "{8577F742-401D-4029-A978-098FD998597E}"
EndProject
Project("{9A19103F-16F7-4668-BE54-9A1E7A4F7556}") = "YiJian.Recipe.EntityFrameworkCore", "src\YiJian.Recipe.EntityFrameworkCore\YiJian.Recipe.EntityFrameworkCore.csproj", "{4CBBBBD3-1E25-4127-8C5B-211E4C1737A5}"
EndProject
Project("{9A19103F-16F7-4668-BE54-9A1E7A4F7556}") = "YiJian.Recipe.HttpApi", "src\YiJian.Recipe.HttpApi\YiJian.Recipe.HttpApi.csproj", "{4B6BCD42-825F-4730-BAC6-324C5504A465}"
EndProject
Project("{9A19103F-16F7-4668-BE54-9A1E7A4F7556}") = "YiJian.Recipe.HttpApi.Client", "src\YiJian.Recipe.HttpApi.Client\YiJian.Recipe.HttpApi.Client.csproj", "{3F0EEBCB-2347-439A-A28A-C8DC1B009AAA}"
EndProject
Project("{9A19103F-16F7-4668-BE54-9A1E7A4F7556}") = "YiJian.Recipe.Migrations.Release", "migrations\YiJian.Recipe.Migrations.Release\YiJian.Recipe.Migrations.Release.csproj", "{CBED3252-EF9C-4DD4-8715-A26EF5B840B6}"
EndProject
Project("{9A19103F-16F7-4668-BE54-9A1E7A4F7556}") = "YiJian.Recipe.Application", "src\YiJian.Recipe.Application\YiJian.Recipe.Application.csproj", "{A3824337-F14D-49A3-AAB7-EEC6CC66CAC4}"
EndProject
Project("{9A19103F-16F7-4668-BE54-9A1E7A4F7556}") = "YiJian.Recipe.HttpApi.Host", "host\YiJian.Recipe.HttpApi.Host\YiJian.Recipe.HttpApi.Host.csproj", "{7903A5A7-A858-4B81-AC73-02D05A1F277B}"
EndProject
Project("{2150E333-8FDC-42A3-9474-1A3956D46DE8}") = "Solution Items", "Solution Items", "{37B37584-5855-4018-AF8A-6FEDF1A94F9C}"
EndProject
Project("{9A19103F-16F7-4668-BE54-9A1E7A4F7556}") = "YiJian.ECIS.Authorization", "..\..\shared\YiJian.ECIS.Authorization\YiJian.ECIS.Authorization.csproj", "{1499FA7F-0159-4A4E-8A33-4FDD282EF242}"
EndProject
Global
	GlobalSection(SolutionConfigurationPlatforms) = preSolution
		Debug|Any CPU = Debug|Any CPU
		Release|Any CPU = Release|Any CPU
	EndGlobalSection
	GlobalSection(ProjectConfigurationPlatforms) = postSolution
		{0D8D9329-5163-4E14-976C-6BC3345B8F16}.Debug|Any CPU.ActiveCfg = Debug|Any CPU
		{0D8D9329-5163-4E14-976C-6BC3345B8F16}.Release|Any CPU.ActiveCfg = Release|Any CPU
		{42F01DD7-E484-491C-A074-F5904992593F}.Debug|Any CPU.ActiveCfg = Debug|Any CPU
		{42F01DD7-E484-491C-A074-F5904992593F}.Debug|Any CPU.Build.0 = Debug|Any CPU
		{42F01DD7-E484-491C-A074-F5904992593F}.Release|Any CPU.ActiveCfg = Release|Any CPU
		{42F01DD7-E484-491C-A074-F5904992593F}.Release|Any CPU.Build.0 = Release|Any CPU
		{6BA3204F-66AC-44EB-B577-5D18EAC8B521}.Debug|Any CPU.ActiveCfg = Debug|Any CPU
		{6BA3204F-66AC-44EB-B577-5D18EAC8B521}.Debug|Any CPU.Build.0 = Debug|Any CPU
		{6BA3204F-66AC-44EB-B577-5D18EAC8B521}.Release|Any CPU.ActiveCfg = Release|Any CPU
		{6BA3204F-66AC-44EB-B577-5D18EAC8B521}.Release|Any CPU.Build.0 = Release|Any CPU
		{1CC7612E-5EA4-4B71-9238-8D91EA5EFCE8}.Debug|Any CPU.ActiveCfg = Debug|Any CPU
		{1CC7612E-5EA4-4B71-9238-8D91EA5EFCE8}.Debug|Any CPU.Build.0 = Debug|Any CPU
		{1CC7612E-5EA4-4B71-9238-8D91EA5EFCE8}.Release|Any CPU.ActiveCfg = Release|Any CPU
		{1CC7612E-5EA4-4B71-9238-8D91EA5EFCE8}.Release|Any CPU.Build.0 = Release|Any CPU
		{B3456053-F7F4-40D2-ADC9-890970AADACA}.Debug|Any CPU.ActiveCfg = Debug|Any CPU
		{B3456053-F7F4-40D2-ADC9-890970AADACA}.Debug|Any CPU.Build.0 = Debug|Any CPU
		{B3456053-F7F4-40D2-ADC9-890970AADACA}.Release|Any CPU.ActiveCfg = Release|Any CPU
		{B3456053-F7F4-40D2-ADC9-890970AADACA}.Release|Any CPU.Build.0 = Release|Any CPU
		{F61664E6-D8D8-4D2D-A7F9-57AD3FF9211A}.Debug|Any CPU.ActiveCfg = Debug|Any CPU
		{F61664E6-D8D8-4D2D-A7F9-57AD3FF9211A}.Debug|Any CPU.Build.0 = Debug|Any CPU
		{F61664E6-D8D8-4D2D-A7F9-57AD3FF9211A}.Release|Any CPU.ActiveCfg = Release|Any CPU
		{F61664E6-D8D8-4D2D-A7F9-57AD3FF9211A}.Release|Any CPU.Build.0 = Release|Any CPU
		{8577F742-401D-4029-A978-098FD998597E}.Debug|Any CPU.ActiveCfg = Debug|Any CPU
		{8577F742-401D-4029-A978-098FD998597E}.Debug|Any CPU.Build.0 = Debug|Any CPU
		{8577F742-401D-4029-A978-098FD998597E}.Release|Any CPU.ActiveCfg = Release|Any CPU
		{8577F742-401D-4029-A978-098FD998597E}.Release|Any CPU.Build.0 = Release|Any CPU
		{4CBBBBD3-1E25-4127-8C5B-211E4C1737A5}.Debug|Any CPU.ActiveCfg = Debug|Any CPU
		{4CBBBBD3-1E25-4127-8C5B-211E4C1737A5}.Debug|Any CPU.Build.0 = Debug|Any CPU
		{4CBBBBD3-1E25-4127-8C5B-211E4C1737A5}.Release|Any CPU.ActiveCfg = Release|Any CPU
		{4CBBBBD3-1E25-4127-8C5B-211E4C1737A5}.Release|Any CPU.Build.0 = Release|Any CPU
		{4B6BCD42-825F-4730-BAC6-324C5504A465}.Debug|Any CPU.ActiveCfg = Debug|Any CPU
		{4B6BCD42-825F-4730-BAC6-324C5504A465}.Debug|Any CPU.Build.0 = Debug|Any CPU
		{4B6BCD42-825F-4730-BAC6-324C5504A465}.Release|Any CPU.ActiveCfg = Release|Any CPU
		{4B6BCD42-825F-4730-BAC6-324C5504A465}.Release|Any CPU.Build.0 = Release|Any CPU
		{3F0EEBCB-2347-439A-A28A-C8DC1B009AAA}.Debug|Any CPU.ActiveCfg = Debug|Any CPU
		{3F0EEBCB-2347-439A-A28A-C8DC1B009AAA}.Debug|Any CPU.Build.0 = Debug|Any CPU
		{3F0EEBCB-2347-439A-A28A-C8DC1B009AAA}.Release|Any CPU.ActiveCfg = Release|Any CPU
		{3F0EEBCB-2347-439A-A28A-C8DC1B009AAA}.Release|Any CPU.Build.0 = Release|Any CPU
		{CBED3252-EF9C-4DD4-8715-A26EF5B840B6}.Debug|Any CPU.ActiveCfg = Debug|Any CPU
		{CBED3252-EF9C-4DD4-8715-A26EF5B840B6}.Debug|Any CPU.Build.0 = Debug|Any CPU
		{CBED3252-EF9C-4DD4-8715-A26EF5B840B6}.Release|Any CPU.ActiveCfg = Release|Any CPU
		{CBED3252-EF9C-4DD4-8715-A26EF5B840B6}.Release|Any CPU.Build.0 = Release|Any CPU
		{A3824337-F14D-49A3-AAB7-EEC6CC66CAC4}.Debug|Any CPU.ActiveCfg = Debug|Any CPU
		{A3824337-F14D-49A3-AAB7-EEC6CC66CAC4}.Debug|Any CPU.Build.0 = Debug|Any CPU
		{A3824337-F14D-49A3-AAB7-EEC6CC66CAC4}.Release|Any CPU.ActiveCfg = Release|Any CPU
		{A3824337-F14D-49A3-AAB7-EEC6CC66CAC4}.Release|Any CPU.Build.0 = Release|Any CPU
		{7903A5A7-A858-4B81-AC73-02D05A1F277B}.Debug|Any CPU.ActiveCfg = Debug|Any CPU
		{7903A5A7-A858-4B81-AC73-02D05A1F277B}.Debug|Any CPU.Build.0 = Debug|Any CPU
		{7903A5A7-A858-4B81-AC73-02D05A1F277B}.Release|Any CPU.ActiveCfg = Release|Any CPU
		{7903A5A7-A858-4B81-AC73-02D05A1F277B}.Release|Any CPU.Build.0 = Release|Any CPU
		{1499FA7F-0159-4A4E-8A33-4FDD282EF242}.Debug|Any CPU.ActiveCfg = Debug|Any CPU
		{1499FA7F-0159-4A4E-8A33-4FDD282EF242}.Debug|Any CPU.Build.0 = Debug|Any CPU
		{1499FA7F-0159-4A4E-8A33-4FDD282EF242}.Release|Any CPU.ActiveCfg = Release|Any CPU
		{1499FA7F-0159-4A4E-8A33-4FDD282EF242}.Release|Any CPU.Build.0 = Release|Any CPU
	EndGlobalSection
	GlobalSection(SolutionProperties) = preSolution
		HideSolutionNode = FALSE
	EndGlobalSection
	GlobalSection(NestedProjects) = preSolution
		{ADEEEA19-C368-4759-994C-A2BC2FA49492} = {649A3FFA-182F-4E56-9717-E6A9A2BEC545}
		{53786A26-EBD2-46FE-8B9C-D45FC7172504} = {649A3FFA-182F-4E56-9717-E6A9A2BEC545}
		{0D8D9329-5163-4E14-976C-6BC3345B8F16} = {079F5A74-497D-42EB-9619-3A7F3F963F19}
		{42F01DD7-E484-491C-A074-F5904992593F} = {079F5A74-497D-42EB-9619-3A7F3F963F19}
		{6BA3204F-66AC-44EB-B577-5D18EAC8B521} = {079F5A74-497D-42EB-9619-3A7F3F963F19}
		{1CC7612E-5EA4-4B71-9238-8D91EA5EFCE8} = {079F5A74-497D-42EB-9619-3A7F3F963F19}
		{B3456053-F7F4-40D2-ADC9-890970AADACA} = {53786A26-EBD2-46FE-8B9C-D45FC7172504}
		{F61664E6-D8D8-4D2D-A7F9-57AD3FF9211A} = {53786A26-EBD2-46FE-8B9C-D45FC7172504}
		{8577F742-401D-4029-A978-098FD998597E} = {53786A26-EBD2-46FE-8B9C-D45FC7172504}
		{4CBBBBD3-1E25-4127-8C5B-211E4C1737A5} = {53786A26-EBD2-46FE-8B9C-D45FC7172504}
		{4B6BCD42-825F-4730-BAC6-324C5504A465} = {ADEEEA19-C368-4759-994C-A2BC2FA49492}
		{3F0EEBCB-2347-439A-A28A-C8DC1B009AAA} = {ADEEEA19-C368-4759-994C-A2BC2FA49492}
		{CBED3252-EF9C-4DD4-8715-A26EF5B840B6} = {ADF9F6D0-E347-4381-95C6-1C2801B59B49}
		{A3824337-F14D-49A3-AAB7-EEC6CC66CAC4} = {53786A26-EBD2-46FE-8B9C-D45FC7172504}
		{7903A5A7-A858-4B81-AC73-02D05A1F277B} = {E400416D-2895-4512-9D17-90681EEC7E0A}
		{1499FA7F-0159-4A4E-8A33-4FDD282EF242} = {079F5A74-497D-42EB-9619-3A7F3F963F19}
	EndGlobalSection
	GlobalSection(ExtensibilityGlobals) = postSolution
		SolutionGuid = {4324B3B4-B60B-4E3C-91D8-59576B4E26DD}
	EndGlobalSection
	GlobalSection(SharedMSBuildProjectFiles) = preSolution
		..\..\shared\YiJian.ECIS.Protos\YiJian.ECIS.Protos.projitems*{0d8d9329-5163-4e14-976c-6bc3345b8f16}*SharedItemsImports = 13
		..\..\shared\YiJian.ECIS.Protos\YiJian.ECIS.Protos.projitems*{7903a5a7-a858-4b81-ac73-02d05a1f277b}*SharedItemsImports = 5
	EndGlobalSection
EndGlobal
